dependencies:
- name: opensandbox-controller
  repository: file://../opensandbox-controller
  version: 0.2.1
- name: opensandbox-server
  repository: file://../opensandbox-server
  version: 0.1.0
- name: opensandbox-node-agent
  repository: file://../opensandbox-node-agent
  version: 0.1.0
digest: sha256:9a8dfea166e50e4016bd850366a17e02a9052cb73f88375d934558c625dfb956
generated: "2026-08-18T18:20:43.341958+08:00"
